
Microsoft Visual Studio Solution File, Format Version 12.00
# Visual Studio Version 16
VisualStudioVersion = 16.0.30907.101
MinimumVisualStudioVersion = 10.0.40219.1
Project("{FAE04EC0-301F-11D3-BF4B-00C04F79EFBC}") = "Exam-Api-Test", "Exam-Api-Test\Exam-Api-Test.csproj", "{F1487EE3-3D44-4889-A625-A38A2C437A13}"
EndProject
Global
	GlobalSection(SolutionConfigurationPlatforms) = preSolution
		Debug|Any CPU = Debug|Any CPU
		Release|Any CPU = Release|Any CPU
	EndGlobalSection
	GlobalSection(ProjectConfigurationPlatforms) = postSolution
		{F1487EE3-3D44-4889-A625-A38A2C437A13}.Debug|Any CPU.ActiveCfg = Debug|Any CPU
		{F1487EE3-3D44-4889-A625-A38A2C437A13}.Debug|Any CPU.Build.0 = Debug|Any CPU
		{F1487EE3-3D44-4889-A625-A38A2C437A13}.Release|Any CPU.ActiveCfg = Release|Any CPU
		{F1487EE3-3D44-4889-A625-A38A2C437A13}.Release|Any CPU.Build.0 = Release|Any CPU
	EndGlobalSection
	GlobalSection(SolutionProperties) = preSolution
		HideSolutionNode = FALSE
	EndGlobalSection
	GlobalSection(ExtensibilityGlobals) = postSolution
		SolutionGuid = {61B0683B-C171-4926-8ACF-7A1C699BB34A}
	EndGlobalSection
EndGlobal
